
Microsoft Visual Studio Solution File, Format Version 12.00
# Visual Studio 14
VisualStudioVersion = 14.0.24720.0
MinimumVisualStudioVersion = 10.0.40219.1
Project("{FAE04EC0-301F-11D3-BF4B-00C04F79EFBC}") = "SSTLogger", "SSTLogger\SSTLogger.csproj", "{757D9BAD-2DFA-4229-BE37-7F2EFF895D3A}"
EndProject
Project("{8BC9CEB8-8B4A-11D0-8D11-00A0C91BC942}") = "SST", "SST\SST.vcxproj", "{D490A756-9C0D-4877-85CD-27BE6859DE30}"
EndProject
Project("{8BC9CEB8-8B4A-11D0-8D11-00A0C91BC942}") = "SSTWrapper", "SSTWrapper\SSTWrapper.vcxproj", "{25E18DED-1D82-4153-B54E-80753F9D45DC}"
EndProject
Global
	GlobalSection(SolutionConfigurationPlatforms) = preSolution
		Debug|Any CPU = Debug|Any CPU
		Debug|x64 = Debug|x64
		Debug|x86 = Debug|x86
		Release|Any CPU = Release|Any CPU
		Release|x64 = Release|x64
		Release|x86 = Release|x86
	EndGlobalSection
	GlobalSection(ProjectConfigurationPlatforms) = postSolution
		{757D9BAD-2DFA-4229-BE37-7F2EFF895D3A}.Debug|Any CPU.ActiveCfg = Debug|Any CPU
		{757D9BAD-2DFA-4229-BE37-7F2EFF895D3A}.Debug|Any CPU.Build.0 = Debug|Any CPU
		{757D9BAD-2DFA-4229-BE37-7F2EFF895D3A}.Debug|x64.ActiveCfg = Debug|Any CPU
		{757D9BAD-2DFA-4229-BE37-7F2EFF895D3A}.Debug|x64.Build.0 = Debug|Any CPU
		{757D9BAD-2DFA-4229-BE37-7F2EFF895D3A}.Debug|x86.ActiveCfg = Debug|Any CPU
		{757D9BAD-2DFA-4229-BE37-7F2EFF895D3A}.Debug|x86.Build.0 = Debug|Any CPU
		{757D9BAD-2DFA-4229-BE37-7F2EFF895D3A}.Release|Any CPU.ActiveCfg = Release|Any CPU
		{757D9BAD-2DFA-4229-BE37-7F2EFF895D3A}.Release|Any CPU.Build.0 = Release|Any CPU
		{757D9BAD-2DFA-4229-BE37-7F2EFF895D3A}.Release|x64.ActiveCfg = Release|Any CPU
		{757D9BAD-2DFA-4229-BE37-7F2EFF895D3A}.Release|x64.Build.0 = Release|Any CPU
		{757D9BAD-2DFA-4229-BE37-7F2EFF895D3A}.Release|x86.ActiveCfg = Release|Any CPU
		{757D9BAD-2DFA-4229-BE37-7F2EFF895D3A}.Release|x86.Build.0 = Release|Any CPU
		{D490A756-9C0D-4877-85CD-27BE6859DE30}.Debug|Any CPU.ActiveCfg = Debug|Win32
		{D490A756-9C0D-4877-85CD-27BE6859DE30}.Debug|x64.ActiveCfg = Debug|x64
		{D490A756-9C0D-4877-85CD-27BE6859DE30}.Debug|x64.Build.0 = Debug|x64
		{D490A756-9C0D-4877-85CD-27BE6859DE30}.Debug|x86.ActiveCfg = Debug|Win32
		{D490A756-9C0D-4877-85CD-27BE6859DE30}.Debug|x86.Build.0 = Debug|Win32
		{D490A756-9C0D-4877-85CD-27BE6859DE30}.Release|Any CPU.ActiveCfg = Release|Win32
		{D490A756-9C0D-4877-85CD-27BE6859DE30}.Release|x64.ActiveCfg = Release|x64
		{D490A756-9C0D-4877-85CD-27BE6859DE30}.Release|x64.Build.0 = Release|x64
		{D490A756-9C0D-4877-85CD-27BE6859DE30}.Release|x86.ActiveCfg = Release|Win32
		{D490A756-9C0D-4877-85CD-27BE6859DE30}.Release|x86.Build.0 = Release|Win32
		{25E18DED-1D82-4153-B54E-80753F9D45DC}.Debug|Any CPU.ActiveCfg = Debug|Win32
		{25E18DED-1D82-4153-B54E-80753F9D45DC}.Debug|x64.ActiveCfg = Debug|x64
		{25E18DED-1D82-4153-B54E-80753F9D45DC}.Debug|x64.Build.0 = Debug|x64
		{25E18DED-1D82-4153-B54E-80753F9D45DC}.Debug|x86.ActiveCfg = Debug|Win32
		{25E18DED-1D82-4153-B54E-80753F9D45DC}.Debug|x86.Build.0 = Debug|Win32
		{25E18DED-1D82-4153-B54E-80753F9D45DC}.Release|Any CPU.ActiveCfg = Release|Win32
		{25E18DED-1D82-4153-B54E-80753F9D45DC}.Release|x64.ActiveCfg = Release|x64
		{25E18DED-1D82-4153-B54E-80753F9D45DC}.Release|x64.Build.0 = Release|x64
		{25E18DED-1D82-4153-B54E-80753F9D45DC}.Release|x86.ActiveCfg = Release|Win32
		{25E18DED-1D82-4153-B54E-80753F9D45DC}.Release|x86.Build.0 = Release|Win32
	EndGlobalSection
	GlobalSection(SolutionProperties) = preSolution
		HideSolutionNode = FALSE
	EndGlobalSection
	GlobalSection(ExtensibilityGlobals) = postSolution
		SolutionGuid = {9C5C68F5-38C9-41A2-87B6-5BD106E43A4C}
	EndGlobalSection
EndGlobal
